// !$*UTF8*$!
{
	archiveVersion = 1;
	classes = {
	};
	objectVersion = 46;
	objects = {

/* Begin PBXBuildFile section */
		301075231E41625B003A905C /* AppDelegate.swift in Sources */ = {isa = PBXBuildFile; fileRef = 301075221E41625B003A905C /* AppDelegate.swift */; };
		301075281E41625B003A905C /* Main.storyboard in Resources */ = {isa = PBXBuildFile; fileRef = 301075261E41625B003A905C /* Main.storyboard */; };
		3010752A1E41625B003A905C /* Assets.xcassets in Resources */ = {isa = PBXBuildFile; fileRef = 301075291E41625B003A905C /* Assets.xcassets */; };
		3010752D1E41625B003A905C /* LaunchScreen.storyboard in Resources */ = {isa = PBXBuildFile; fileRef = 3010752B1E41625B003A905C /* LaunchScreen.storyboard */; };
		301075351E416532003A905C /* PhotosViewController.swift in Sources */ = {isa = PBXBuildFile; fileRef = 301075341E416532003A905C /* PhotosViewController.swift */; };
		3040CD811E43FAA600304682 /* FeedCell.swift in Sources */ = {isa = PBXBuildFile; fileRef = 3040CD801E43FAA600304682 /* FeedCell.swift */; };
		30598B001E4A911500C405AA /* PhotoDetailsViewController.swift in Sources */ = {isa = PBXBuildFile; fileRef = 30598AFF1E4A911500C405AA /* PhotoDetailsViewController.swift */; };
		F2471D193BB244EE23AEA00C /* Pods_Tumbler_Feed.framework in Frameworks */ = {isa = PBXBuildFile; fileRef = F7C80713240A7DE154613003 /* Pods_Tumbler_Feed.framework */; };
/* End PBXBuildFile section */

/* Begin PBXFileReference section */
		3010751F1E41625B003A905C /* Tumbler Feed.app */ = {isa = PBXFileReference; explicitFileType = wrapper.application; includeInIndex = 0; path = "Tumbler Feed.app"; sourceTree = BUILT_PRODUCTS_DIR; };
		301075221E41625B003A905C /* AppDelegate.swift */ = {isa = PBXFileReference; lastKnownFileType = sourcecode.swift; path = AppDelegate.swift; sourceTree = "<group>"; };
		301075271E41625B003A905C /* Base */ = {isa = PBXFileReference; lastKnownFileType = file.storyboard; name = Base; path = Base.lproj/Main.storyboard; sourceTree = "<group>"; };
		301075291E41625B003A905C /* Assets.xcassets */ = {isa = PBXFileReference; lastKnownFileType = folder.assetcatalog; path = Assets.xcassets; sourceTree = "<group>"; };
		3010752C1E41625B003A905C /* Base */ = {isa = PBXFileReference; lastKnownFileType = file.storyboard; name = Base; path = Base.lproj/LaunchScreen.storyboard; sourceTree = "<group>"; };
		3010752E1E41625B003A905C /* Info.plist */ = {isa = PBXFileReference; lastKnownFileType = text.plist.xml; path = Info.plist; sourceTree = "<group>"; };
		301075341E416532003A905C /* PhotosViewController.swift */ = {isa = PBXFileReference; fileEncoding = 4; lastKnownFileType = sourcecode.swift; path = PhotosViewController.swift; sourceTree = "<group>"; };
		3040CD801E43FAA600304682 /* FeedCell.swift */ = {isa = PBXFileReference; fileEncoding = 4; lastKnownFileType = sourcecode.swift; path = FeedCell.swift; sourceTree = "<group>"; };
		30598AFF1E4A911500C405AA /* PhotoDetailsViewController.swift */ = {isa = PBXFileReference; fileEncoding = 4; lastKnownFileType = sourcecode.swift; path = PhotoDetailsViewController.swift; sourceTree = "<group>"; };
		560B95CCBC825602520F8F39 /* Pods-Tumbler Feed.debug.xcconfig */ = {isa = PBXFileReference; includeInIndex = 1; lastKnownFileType = text.xcconfig; name = "Pods-Tumbler Feed.debug.xcconfig"; path = "Pods/Target Support Files/Pods-Tumbler Feed/Pods-Tumbler Feed.debug.xcconfig"; sourceTree = "<group>"; };
		DAB0DF0C99147105DAFB0BCE /* Pods-Tumbler Feed.release.xcconfig */ = {isa = PBXFileReference; includeInIndex = 1; lastKnownFileType = text.xcconfig; name = "Pods-Tumbler Feed.release.xcconfig"; path = "Pods/Target Support Files/Pods-Tumbler Feed/Pods-Tumbler Feed.release.xcconfig"; sourceTree = "<group>"; };
		F7C80713240A7DE154613003 /* Pods_Tumbler_Feed.framework */ = {isa = PBXFileReference; explicitFileType = wrapper.framework; includeInIndex = 0; path = Pods_Tumbler_Feed.framework; sourceTree = BUILT_PRODUCTS_DIR; };
/* End PBXFileReference section */

/* Begin PBXFrameworksBuildPhase section */
		3010751C1E41625B003A905C /* Frameworks */ = {
			isa = PBXFrameworksBuildPhase;
			buildActionMask = 2147483647;
			files = (
				F2471D193BB244EE23AEA00C /* Pods_Tumbler_Feed.framework in Frameworks */,
			);
			runOnlyForDeploymentPostprocessing = 0;
		};
/* End PBXFrameworksBuildPhase section */

/* Begin PBXGroup section */
		301075161E41625B003A905C = {
			isa = PBXGroup;
			children = (
				301075211E41625B003A905C /* Tumbler Feed */,
				301075201E41625B003A905C /* Products */,
				A5B25C9A8A5EF8F5AF80C0A5 /* Pods */,
				65FCB347D1D91AC6FEFCE40C /* Frameworks */,
			);
			sourceTree = "<group>";
		};
		301075201E41625B003A905C /* Products */ = {
			isa = PBXGroup;
			children = (
				3010751F1E41625B003A905C /* Tumbler Feed.app */,
			);
			name = Products;
			sourceTree = "<group>";
		};
		301075211E41625B003A905C /* Tumbler Feed */ = {
			isa = PBXGroup;
			children = (
				3040CD821E43FD4D00304682 /* views */,
				301075361E416566003A905C /* view controller */,
				301075221E41625B003A905C /* AppDelegate.swift */,
				301075261E41625B003A905C /* Main.storyboard */,
				301075291E41625B003A905C /* Assets.xcassets */,
				3010752B1E41625B003A905C /* LaunchScreen.storyboard */,
				3010752E1E41625B003A905C /* Info.plist */,
			);
			path = "Tumbler Feed";
			sourceTree = "<group>";
		};
		301075361E416566003A905C /* view controller */ = {
			isa = PBXGroup;
			children = (
				30598AFF1E4A911500C405AA /* PhotoDetailsViewController.swift */,
				301075341E416532003A905C /* PhotosViewController.swift */,
			);
			name = "view controller";
			sourceTree = "<group>";
		};
		3040CD821E43FD4D00304682 /* views */ = {
			isa = PBXGroup;
			children = (
				3040CD801E43FAA600304682 /* FeedCell.swift */,
			);
			name = views;
			sourceTree = "<group>";
		};
		65FCB347D1D91AC6FEFCE40C /* Frameworks */ = {
			isa = PBXGroup;
			children = (
				F7C80713240A7DE154613003 /* Pods_Tumbler_Feed.framework */,
			);
			name = Frameworks;
			sourceTree = "<group>";
		};
		A5B25C9A8A5EF8F5AF80C0A5 /* Pods */ = {
			isa = PBXGroup;
			children = (
				560B95CCBC825602520F8F39 /* Pods-Tumbler Feed.debug.xcconfig */,
				DAB0DF0C99147105DAFB0BCE /* Pods-Tumbler Feed.release.xcconfig */,
			);
			name = Pods;
			sourceTree = "<group>";
		};
/* End PBXGroup section */

/* Begin PBXNativeTarget section */
		3010751E1E41625B003A905C /* Tumbler Feed */ = {
			isa = PBXNativeTarget;
			buildConfigurationList = 301075311E41625B003A905C /* Build configuration list for PBXNativeTarget "Tumbler Feed" */;
			buildPhases = (
				95917779CEC42E08D8ABB9F6 /* [CP] Check Pods Manifest.lock */,
				3010751B1E41625B003A905C /* Sources */,
				3010751C1E41625B003A905C /* Frameworks */,
				3010751D1E41625B003A905C /* Resources */,
				423B1493B437D37CB8214177 /* [CP] Embed Pods Frameworks */,
				3966DE0B2275922044F190C2 /* [CP] Copy Pods Resources */,
			);
			buildRules = (
			);
			dependencies = (
			);
			name = "Tumbler Feed";
			productName = "Tumbler Feed";
			productReference = 3010751F1E41625B003A905C /* Tumbler Feed.app */;
			productType = "com.apple.product-type.application";
		};
/* End PBXNativeTarget section */

/* Begin PBXProject section */
		301075171E41625B003A905C /* Project object */ = {
			isa = PBXProject;
			attributes = {
				LastSwiftUpdateCheck = 0820;
				LastUpgradeCheck = 0820;
				ORGANIZATIONNAME = "Pratik Koirala";
				TargetAttributes = {
					3010751E1E41625B003A905C = {
						CreatedOnToolsVersion = 8.2;
						ProvisioningStyle = Automatic;
					};
				};
			};
			buildConfigurationList = 3010751A1E41625B003A905C /* Build configuration list for PBXProject "Tumbler Feed" */;
			compatibilityVersion = "Xcode 3.2";
			developmentRegion = English;
			hasScannedForEncodings = 0;
			knownRegions = (
				en,
				Base,
			);
			mainGroup = 301075161E41625B003A905C;
			productRefGroup = 301075201E41625B003A905C /* Products */;
			projectDirPath = "";
			projectRoot = "";
			targets = (
				3010751E1E41625B003A905C /* Tumbler Feed */,
			);
		};
/* End PBXProject section */

/* Begin PBXResourcesBuildPhase section */
		3010751D1E41625B003A905C /* Resources */ = {
			isa = PBXResourcesBuildPhase;
			buildActionMask = 2147483647;
			files = (
				3010752D1E41625B003A905C /* LaunchScreen.storyboard in Resources */,
				3010752A1E41625B003A905C /* Assets.xcassets in Resources */,
				301075281E41625B003A905C /* Main.storyboard in Resources */,
			);
			runOnlyForDeploymentPostprocessing = 0;
		};
/* End PBXResourcesBuildPhase section */

/* Begin PBXShellScriptBuildPhase section */
		3966DE0B2275922044F190C2 /* [CP] Copy Pods Resources */ = {
			isa = PBXShellScriptBuildPhase;
			buildActionMask = 2147483647;
			files = (
			);
			inputPaths = (
			);
			name = "[CP] Copy Pods Resources";
			outputPaths = (
			);
			runOnlyForDeploymentPostprocessing = 0;
			shellPath = /bin/sh;
			shellScript = "\"${SRCROOT}/Pods/Target Support Files/Pods-Tumbler Feed/Pods-Tumbler Feed-resources.sh\"\n";
			showEnvVarsInLog = 0;
		};
		423B1493B437D37CB8214177 /* [CP] Embed Pods Frameworks */ = {
			isa = PBXShellScriptBuildPhase;
			buildActionMask = 2147483647;
			files = (
			);
			inputPaths = (
			);
			name = "[CP] Embed Pods Frameworks";
			outputPaths = (
			);
			runOnlyForDeploymentPostprocessing = 0;
			shellPath = /bin/sh;
			shellScript = "\"${SRCROOT}/Pods/Target Support Files/Pods-Tumbler Feed/Pods-Tumbler Feed-frameworks.sh\"\n";
			showEnvVarsInLog = 0;
		};
		95917779CEC42E08D8ABB9F6 /* [CP] Check Pods Manifest.lock */ = {
			isa = PBXShellScriptBuildPhase;
			buildActionMask = 2147483647;
			files = (
			);
			inputPaths = (
			);
			name = "[CP] Check Pods Manifest.lock";
			outputPaths = (
			);
			runOnlyForDeploymentPostprocessing = 0;
			shellPath = /bin/sh;
			shellScript = "diff \"${PODS_ROOT}/../Podfile.lock\" \"${PODS_ROOT}/Manifest.lock\" > /dev/null\nif [ $? != 0 ] ; then\n    # print error to STDERR\n    echo \"error: The sandbox is not in sync with the Podfile.lock. Run 'pod install' or update your CocoaPods installation.\" >&2\n    exit 1\nfi\n";
			showEnvVarsInLog = 0;
		};
/* End PBXShellScriptBuildPhase section */

/* Begin PBXSourcesBuildPhase section */
		3010751B1E41625B003A905C /* Sources */ = {
			isa = PBXSourcesBuildPhase;
			buildActionMask = 2147483647;
			files = (
				30598B001E4A911500C405AA /* PhotoDetailsViewController.swift in Sources */,
				301075231E41625B003A905C /* AppDelegate.swift in Sources */,
				301075351E416532003A905C /* PhotosViewController.swift in Sources */,
				3040CD811E43FAA600304682 /* FeedCell.swift in Sources */,
			);
			runOnlyForDeploymentPostprocessing = 0;
		};
/* End PBXSourcesBuildPhase section */

/* Begin PBXVariantGroup section */
		301075261E41625B003A905C /* Main.storyboard */ = {
			isa = PBXVariantGroup;
			children = (
				301075271E41625B003A905C /* Base */,
			);
			name = Main.storyboard;
			sourceTree = "<group>";
		};
		3010752B1E41625B003A905C /* LaunchScreen.storyboard */ = {
			isa = PBXVariantGroup;
			children = (
				3010752C1E41625B003A905C /* Base */,
			);
			name = LaunchScreen.storyboard;
			sourceTree = "<group>";
		};
/* End PBXVariantGroup section */

/* Begin XCBuildConfiguration section */
		3010752F1E41625B003A905C /* Debug */ = {
			isa = XCBuildConfiguration;
			buildSettings = {
				ALWAYS_SEARCH_USER_PATHS = NO;
				CLANG_ANALYZER_NONNULL = YES;
				CLANG_CXX_LANGUAGE_STANDARD = "gnu++0x";
				CLANG_CXX_LIBRARY = "libc++";
				CLANG_ENABLE_MODULES = YES;
				CLANG_ENABLE_OBJC_ARC = YES;
				CLANG_WARN_BOOL_CONVERSION = YES;
				CLANG_WARN_CONSTANT_CONVERSION = YES;
				CLANG_WARN_DIRECT_OBJC_ISA_USAGE = YES_ERROR;
				CLANG_WARN_DOCUMENTATION_COMMENTS = YES;
				CLANG_WARN_EMPTY_BODY = YES;
				CLANG_WARN_ENUM_CONVERSION = YES;
				CLANG_WARN_INFINITE_RECURSION = YES;
				CLANG_WARN_INT_CONVERSION = YES;
				CLANG_WARN_OBJC_ROOT_CLASS = YES_ERROR;
				CLANG_WARN_SUSPICIOUS_MOVE = YES;
				CLANG_WARN_UNREACHABLE_CODE = YES;
				CLANG_WARN__DUPLICATE_METHOD_MATCH = YES;
				"CODE_SIGN_IDENTITY[sdk=iphoneos*]" = "iPhone Developer";
				COPY_PHASE_STRIP = NO;
				DEBUG_INFORMATION_FORMAT = dwarf;
				ENABLE_STRICT_OBJC_MSGSEND = YES;
				ENABLE_TESTABILITY = YES;
				GCC_C_LANGUAGE_STANDARD = gnu99;
				GCC_DYNAMIC_NO_PIC = NO;
				GCC_NO_COMMON_BLOCKS = YES;
				GCC_OPTIMIZATION_LEVEL = 0;
				GCC_PREPROCESSOR_DEFINITIONS = (
					"DEBUG=1",
					"$(inherited)",
				);
				GCC_WARN_64_TO_32_BIT_CONVERSION = YES;
				GCC_WARN_ABOUT_RETURN_TYPE = YES_ERROR;
				GCC_WARN_UNDECLARED_SELECTOR = YES;
				GCC_WARN_UNINITIALIZED_AUTOS = YES_AGGRESSIVE;
				GCC_WARN_UNUSED_FUNCTION = YES;
				GCC_WARN_UNUSED_VARIABLE = YES;
				IPHONEOS_DEPLOYMENT_TARGET = 10.2;
				MTL_ENABLE_DEBUG_INFO = YES;
				ONLY_ACTIVE_ARCH = YES;
				SDKROOT = iphoneos;
				SWIFT_ACTIVE_COMPILATION_CONDITIONS = DEBUG;
				SWIFT_OPTIMIZATION_LEVEL = "-Onone";
			};
			name = Debug;
		};
		301075301E41625B003A905C /* Release */ = {
			isa = XCBuildConfiguration;
			buildSettings = {
				ALWAYS_SEARCH_USER_PATHS = NO;
				CLANG_ANALYZER_NONNULL = YES;
				CLANG_CXX_LANGUAGE_STANDARD = "gnu++0x";
				CLANG_CXX_LIBRARY = "libc++";
				CLANG_ENABLE_MODULES = YES;
				CLANG_ENABLE_OBJC_ARC = YES;
				CLANG_WARN_BOOL_CONVERSION = YES;
				CLANG_WARN_CONSTANT_CONVERSION = YES;
				CLANG_WARN_DIRECT_OBJC_ISA_USAGE = YES_ERROR;
				CLANG_WARN_DOCUMENTATION_COMMENTS = YES;
				CLANG_WARN_EMPTY_BODY = YES;
				CLANG_WARN_ENUM_CONVERSION = YES;
				CLANG_WARN_INFINITE_RECURSION = YES;
				CLANG_WARN_INT_CONVERSION = YES;
				CLANG_WARN_OBJC_ROOT_CLASS = YES_ERROR;
				CLANG_WARN_SUSPICIOUS_MOVE = YES;
				CLANG_WARN_UNREACHABLE_CODE = YES;
				CLANG_WARN__DUPLICATE_METHOD_MATCH = YES;
				"CODE_SIGN_IDENTITY[sdk=iphoneos*]" = "iPhone Developer";
				COPY_PHASE_STRIP = NO;
				DEBUG_INFORMATION_FORMAT = "dwarf-with-dsym";
				ENABLE_NS_ASSERTIONS = NO;
				ENABLE_STRICT_OBJC_MSGSEND = YES;
				GCC_C_LANGUAGE_STANDARD = gnu99;
				GCC_NO_COMMON_BLOCKS = YES;
				GCC_WARN_64_TO_32_BIT_CONVERSION = YES;
				GCC_WARN_ABOUT_RETURN_TYPE = YES_ERROR;
				GCC_WARN_UNDECLARED_SELECTOR = YES;
				GCC_WARN_UNINITIALIZED_AUTOS = YES_AGGRESSIVE;
				GCC_WARN_UNUSED_FUNCTION = YES;
				GCC_WARN_UNUSED_VARIABLE = YES;
				IPHONEOS_DEPLOYMENT_TARGET = 10.2;
				MTL_ENABLE_DEBUG_INFO = NO;
				SDKROOT = iphoneos;
				SWIFT_OPTIMIZATION_LEVEL = "-Owholemodule";
				VALIDATE_PRODUCT = YES;
			};
			name = Release;
		};
		301075321E41625B003A905C /* Debug */ = {
			isa = XCBuildConfiguration;
			baseConfigurationReference = 560B95CCBC825602520F8F39 /* Pods-Tumbler Feed.debug.xcconfig */;
			buildSettings = {
				ASSETCATALOG_COMPILER_APPICON_NAME = AppIcon;
				INFOPLIST_FILE = "Tumbler Feed/Info.plist";
				LD_RUNPATH_SEARCH_PATHS = "$(inherited) @executable_path/Frameworks";
				PRODUCT_BUNDLE_IDENTIFIER = "com.myApp.Tumbler-Feed";
				PRODUCT_NAME = "$(TARGET_NAME)";
				SWIFT_VERSION = 3.0;
			};
			name = Debug;
		};
		301075331E41625B003A905C /* Release */ = {
			isa = XCBuildConfiguration;
			baseConfigurationReference = DAB0DF0C99147105DAFB0BCE /* Pods-Tumbler Feed.release.xcconfig */;
			buildSettings = {
				ASSETCATALOG_COMPILER_APPICON_NAME = AppIcon;
				INFOPLIST_FILE = "Tumbler Feed/Info.plist";
				LD_RUNPATH_SEARCH_PATHS = "$(inherited) @executable_path/Frameworks";
				PRODUCT_BUNDLE_IDENTIFIER = "com.myApp.Tumbler-Feed";
				PRODUCT_NAME = "$(TARGET_NAME)";
				SWIFT_VERSION = 3.0;
			};
			name = Release;
		};
/* End XCBuildConfiguration section */

/* Begin XCConfigurationList section */
		3010751A1E41625B003A905C /* Build configuration list for PBXProject "Tumbler Feed" */ = {
			isa = XCConfigurationList;
			buildConfigurations = (
				3010752F1E41625B003A905C /* Debug */,
				301075301E41625B003A905C /* Release */,
			);
			defaultConfigurationIsVisible = 0;
			defaultConfigurationName = Release;
		};
		301075311E41625B003A905C /* Build configuration list for PBXNativeTarget "Tumbler Feed" */ = {
			isa = XCConfigurationList;
			buildConfigurations = (
				301075321E41625B003A905C /* Debug */,
				301075331E41625B003A905C /* Release */,
			);
			defaultConfigurationIsVisible = 0;
			defaultConfigurationName = Release;
		};
/* End XCConfigurationList section */
	};
	rootObject = 301075171E41625B003A905C /* Project object */;
}
